
Microsoft Visual Studio Solution File, Format Version 12.00
# Visual Studio Version 17
VisualStudioVersion = 17.14.36414.22
MinimumVisualStudioVersion = 10.0.40219.1
Project("{2150E333-8FDC-42A3-9474-1A3956D46DE8}") = "Bootstrapper", "Bootstrapper", "{02EA681E-C7D8-13C7-8484-4AC65E1B71E8}"
EndProject
Project("{2150E333-8FDC-42A3-9474-1A3956D46DE8}") = "Modules", "Modules", "{465D1A41-AA88-4217-ACD5-C05D261FA6A1}"
EndProject
Project("{2150E333-8FDC-42A3-9474-1A3956D46DE8}") = "Shared", "Shared", "{60ED92EF-0406-4088-99D8-A6EFA1A6562D}"
EndProject
Project("{FAE04EC0-301F-11D3-BF4B-00C04F79EFBC}") = "Api", "Bootstrapper\Api\Api.csproj", "{19C59771-675E-4062-AB37-9F3D879A3DE2}"
EndProject
Project("{2150E333-8FDC-42A3-9474-1A3956D46DE8}") = "Catalog", "Catalog", "{662CB82E-3E45-492E-B3DB-78F4FEE65E8F}"
EndProject
Project("{2150E333-8FDC-42A3-9474-1A3956D46DE8}") = "Basket", "Basket", "{89E4104A-3D17-46B8-BCBB-2BA176FD4959}"
EndProject
Project("{2150E333-8FDC-42A3-9474-1A3956D46DE8}") = "Ordering", "Ordering", "{8CA4254D-F546-4143-8B54-1ADDAC4D9C64}"
EndProject
Project("{FAE04EC0-301F-11D3-BF4B-00C04F79EFBC}") = "Catalog", "Modules\Catalog\Catolog\Catalog.csproj", "{CAED20BD-B82E-47AE-85B4-7F98AB7DD0E2}"
EndProject
Project("{FAE04EC0-301F-11D3-BF4B-00C04F79EFBC}") = "Basket", "Modules\Basket\Basket\Basket.csproj", "{834A900A-7C06-403F-A198-DB458905A46D}"
EndProject
Project("{FAE04EC0-301F-11D3-BF4B-00C04F79EFBC}") = "Ordering", "Modules\Ordering\Ordering\Ordering.csproj", "{32CC6E52-261D-4CC5-B578-E3C251A0D0F9}"
EndProject
Project("{FAE04EC0-301F-11D3-BF4B-00C04F79EFBC}") = "Shared", "Shared\Shared\Shared.csproj", "{C0D9165D-FCBA-4420-A8C0-11ECCE4BC0B3}"
EndProject
Global
	GlobalSection(SolutionConfigurationPlatforms) = preSolution
		Debug|Any CPU = Debug|Any CPU
		Release|Any CPU = Release|Any CPU
	EndGlobalSection
	GlobalSection(ProjectConfigurationPlatforms) = postSolution
		{19C59771-675E-4062-AB37-9F3D879A3DE2}.Debug|Any CPU.ActiveCfg = Debug|Any CPU
		{19C59771-675E-4062-AB37-9F3D879A3DE2}.Debug|Any CPU.Build.0 = Debug|Any CPU
		{19C59771-675E-4062-AB37-9F3D879A3DE2}.Release|Any CPU.ActiveCfg = Release|Any CPU
		{19C59771-675E-4062-AB37-9F3D879A3DE2}.Release|Any CPU.Build.0 = Release|Any CPU
		{CAED20BD-B82E-47AE-85B4-7F98AB7DD0E2}.Debug|Any CPU.ActiveCfg = Debug|Any CPU
		{CAED20BD-B82E-47AE-85B4-7F98AB7DD0E2}.Debug|Any CPU.Build.0 = Debug|Any CPU
		{CAED20BD-B82E-47AE-85B4-7F98AB7DD0E2}.Release|Any CPU.ActiveCfg = Release|Any CPU
		{CAED20BD-B82E-47AE-85B4-7F98AB7DD0E2}.Release|Any CPU.Build.0 = Release|Any CPU
		{834A900A-7C06-403F-A198-DB458905A46D}.Debug|Any CPU.ActiveCfg = Debug|Any CPU
		{834A900A-7C06-403F-A198-DB458905A46D}.Debug|Any CPU.Build.0 = Debug|Any CPU
		{834A900A-7C06-403F-A198-DB458905A46D}.Release|Any CPU.ActiveCfg = Release|Any CPU
		{834A900A-7C06-403F-A198-DB458905A46D}.Release|Any CPU.Build.0 = Release|Any CPU
		{32CC6E52-261D-4CC5-B578-E3C251A0D0F9}.Debug|Any CPU.ActiveCfg = Debug|Any CPU
		{32CC6E52-261D-4CC5-B578-E3C251A0D0F9}.Debug|Any CPU.Build.0 = Debug|Any CPU
		{32CC6E52-261D-4CC5-B578-E3C251A0D0F9}.Release|Any CPU.ActiveCfg = Release|Any CPU
		{32CC6E52-261D-4CC5-B578-E3C251A0D0F9}.Release|Any CPU.Build.0 = Release|Any CPU
		{C0D9165D-FCBA-4420-A8C0-11ECCE4BC0B3}.Debug|Any CPU.ActiveCfg = Debug|Any CPU
		{C0D9165D-FCBA-4420-A8C0-11ECCE4BC0B3}.Debug|Any CPU.Build.0 = Debug|Any CPU
		{C0D9165D-FCBA-4420-A8C0-11ECCE4BC0B3}.Release|Any CPU.ActiveCfg = Release|Any CPU
		{C0D9165D-FCBA-4420-A8C0-11ECCE4BC0B3}.Release|Any CPU.Build.0 = Release|Any CPU
	EndGlobalSection
	GlobalSection(SolutionProperties) = preSolution
		HideSolutionNode = FALSE
	EndGlobalSection
	GlobalSection(NestedProjects) = preSolution
		{19C59771-675E-4062-AB37-9F3D879A3DE2} = {02EA681E-C7D8-13C7-8484-4AC65E1B71E8}
		{662CB82E-3E45-492E-B3DB-78F4FEE65E8F} = {465D1A41-AA88-4217-ACD5-C05D261FA6A1}
		{89E4104A-3D17-46B8-BCBB-2BA176FD4959} = {465D1A41-AA88-4217-ACD5-C05D261FA6A1}
		{8CA4254D-F546-4143-8B54-1ADDAC4D9C64} = {465D1A41-AA88-4217-ACD5-C05D261FA6A1}
		{CAED20BD-B82E-47AE-85B4-7F98AB7DD0E2} = {662CB82E-3E45-492E-B3DB-78F4FEE65E8F}
		{834A900A-7C06-403F-A198-DB458905A46D} = {89E4104A-3D17-46B8-BCBB-2BA176FD4959}
		{32CC6E52-261D-4CC5-B578-E3C251A0D0F9} = {8CA4254D-F546-4143-8B54-1ADDAC4D9C64}
		{C0D9165D-FCBA-4420-A8C0-11ECCE4BC0B3} = {60ED92EF-0406-4088-99D8-A6EFA1A6562D}
	EndGlobalSection
	GlobalSection(ExtensibilityGlobals) = postSolution
		SolutionGuid = {E39FD860-0176-4D60-8BDC-8C036911421D}
	EndGlobalSection
EndGlobal
