
Microsoft Visual Studio Solution File, Format Version 12.00
# Visual Studio Version 17
VisualStudioVersion = 17.14.36414.22
MinimumVisualStudioVersion = 10.0.40219.1
Project("{2150E333-8FDC-42A3-9474-1A3956D46DE8}") = "Bootstrapper", "Bootstrapper", "{02EA681E-C7D8-13C7-8484-4AC65E1B71E8}"
EndProject
Project("{2150E333-8FDC-42A3-9474-1A3956D46DE8}") = "Modules", "Modules", "{465D1A41-AA88-4217-ACD5-C05D261FA6A1}"
EndProject
Project("{2150E333-8FDC-42A3-9474-1A3956D46DE8}") = "Shared", "Shared", "{60ED92EF-0406-4088-99D8-A6EFA1A6562D}"
EndProject
Project("{FAE04EC0-301F-11D3-BF4B-00C04F79EFBC}") = "Api", "Bootstrapper\Api\Api.csproj", "{19C59771-675E-4062-AB37-9F3D879A3DE2}"
EndProject
Global
	GlobalSection(SolutionConfigurationPlatforms) = preSolution
		Debug|Any CPU = Debug|Any CPU
		Release|Any CPU = Release|Any CPU
	EndGlobalSection
	GlobalSection(ProjectConfigurationPlatforms) = postSolution
		{19C59771-675E-4062-AB37-9F3D879A3DE2}.Debug|Any CPU.ActiveCfg = Debug|Any CPU
		{19C59771-675E-4062-AB37-9F3D879A3DE2}.Debug|Any CPU.Build.0 = Debug|Any CPU
		{19C59771-675E-4062-AB37-9F3D879A3DE2}.Release|Any CPU.ActiveCfg = Release|Any CPU
		{19C59771-675E-4062-AB37-9F3D879A3DE2}.Release|Any CPU.Build.0 = Release|Any CPU
	EndGlobalSection
	GlobalSection(SolutionProperties) = preSolution
		HideSolutionNode = FALSE
	EndGlobalSection
	GlobalSection(NestedProjects) = preSolution
		{19C59771-675E-4062-AB37-9F3D879A3DE2} = {02EA681E-C7D8-13C7-8484-4AC65E1B71E8}
	EndGlobalSection
	GlobalSection(ExtensibilityGlobals) = postSolution
		SolutionGuid = {E39FD860-0176-4D60-8BDC-8C036911421D}
	EndGlobalSection
EndGlobal
